
Microsoft Visual Studio Solution File, Format Version 12.00
# Visual Studio Version 17
VisualStudioVersion = 17.4.33103.184
MinimumVisualStudioVersion = 10.0.40219.1
Project("{00D1A9C2-B5F0-4AF3-8072-F6C62B433612}") = "Database", "Database\Database.sqlproj", "{8B8C70C4-835B-4065-A24E-70E4055C303F}"
EndProject
Project("{9A19103F-16F7-4668-BE54-9A1E7A4F7556}") = "DataAccess", "DataAccess\DataAccess.csproj", "{3502A441-4098-473E-BB95-D6BA44724580}"
EndProject
Project("{54A90642-561A-4BB1-A94E-469ADEE60C69}") = "react-frontend", "react-frontend\react-frontend.esproj", "{6B9C5DBF-112D-45D9-A0E1-D8D0AB679E78}"
EndProject
Project("{9A19103F-16F7-4668-BE54-9A1E7A4F7556}") = "WebAPI", "WebApi\WebAPI.csproj", "{5A4AC739-1DC3-438C-B2E8-1F1D587EFF23}"
EndProject
Global
	GlobalSection(SolutionConfigurationPlatforms) = preSolution
		Debug|Any CPU = Debug|Any CPU
		Release|Any CPU = Release|Any CPU
	EndGlobalSection
	GlobalSection(ProjectConfigurationPlatforms) = postSolution
		{8B8C70C4-835B-4065-A24E-70E4055C303F}.Debug|Any CPU.ActiveCfg = Debug|Any CPU
		{8B8C70C4-835B-4065-A24E-70E4055C303F}.Debug|Any CPU.Build.0 = Debug|Any CPU
		{8B8C70C4-835B-4065-A24E-70E4055C303F}.Debug|Any CPU.Deploy.0 = Debug|Any CPU
		{8B8C70C4-835B-4065-A24E-70E4055C303F}.Release|Any CPU.ActiveCfg = Release|Any CPU
		{8B8C70C4-835B-4065-A24E-70E4055C303F}.Release|Any CPU.Build.0 = Release|Any CPU
		{8B8C70C4-835B-4065-A24E-70E4055C303F}.Release|Any CPU.Deploy.0 = Release|Any CPU
		{3502A441-4098-473E-BB95-D6BA44724580}.Debug|Any CPU.ActiveCfg = Debug|Any CPU
		{3502A441-4098-473E-BB95-D6BA44724580}.Debug|Any CPU.Build.0 = Debug|Any CPU
		{3502A441-4098-473E-BB95-D6BA44724580}.Release|Any CPU.ActiveCfg = Release|Any CPU
		{3502A441-4098-473E-BB95-D6BA44724580}.Release|Any CPU.Build.0 = Release|Any CPU
		{6B9C5DBF-112D-45D9-A0E1-D8D0AB679E78}.Debug|Any CPU.ActiveCfg = Debug|Any CPU
		{6B9C5DBF-112D-45D9-A0E1-D8D0AB679E78}.Debug|Any CPU.Build.0 = Debug|Any CPU
		{6B9C5DBF-112D-45D9-A0E1-D8D0AB679E78}.Debug|Any CPU.Deploy.0 = Debug|Any CPU
		{6B9C5DBF-112D-45D9-A0E1-D8D0AB679E78}.Release|Any CPU.ActiveCfg = Release|Any CPU
		{6B9C5DBF-112D-45D9-A0E1-D8D0AB679E78}.Release|Any CPU.Build.0 = Release|Any CPU
		{6B9C5DBF-112D-45D9-A0E1-D8D0AB679E78}.Release|Any CPU.Deploy.0 = Release|Any CPU
		{5A4AC739-1DC3-438C-B2E8-1F1D587EFF23}.Debug|Any CPU.ActiveCfg = Debug|Any CPU
		{5A4AC739-1DC3-438C-B2E8-1F1D587EFF23}.Debug|Any CPU.Build.0 = Debug|Any CPU
		{5A4AC739-1DC3-438C-B2E8-1F1D587EFF23}.Release|Any CPU.ActiveCfg = Release|Any CPU
		{5A4AC739-1DC3-438C-B2E8-1F1D587EFF23}.Release|Any CPU.Build.0 = Release|Any CPU
	EndGlobalSection
	GlobalSection(SolutionProperties) = preSolution
		HideSolutionNode = FALSE
	EndGlobalSection
	GlobalSection(ExtensibilityGlobals) = postSolution
		SolutionGuid = {54D1E855-B1E4-4AF0-AD12-E43FAFA8160D}
	EndGlobalSection
EndGlobal
